
Microsoft Visual Studio Solution File, Format Version 12.00
# Visual Studio 15
VisualStudioVersion = 15.0.27703.2042
MinimumVisualStudioVersion = 10.0.40219.1
Project("{FAE04EC0-301F-11D3-BF4B-00C04F79EFBC}") = "cos_dotnet_sdk", "cos_dotnet_sdk\cos_dotnet_sdk.csproj", "{136234FC-3DE1-4423-B939-B7968E58C168}"
EndProject
Project("{9A19103F-16F7-4668-BE54-9A1E7A4F7556}") = "TencentyunCos-dotnetStandard-sdk-v2.0", "TencentyunCos-dotnetStandard-sdk-v2.0\TencentyunCos-dotnetStandard-sdk-v2.0.csproj", "{0E1E9549-BB3D-476E-A1CE-918220AD5E87}"
EndProject
Global
	GlobalSection(SolutionConfigurationPlatforms) = preSolution
		Debug|Any CPU = Debug|Any CPU
		Debug|x86 = Debug|x86
		Release|Any CPU = Release|Any CPU
		Release|x86 = Release|x86
	EndGlobalSection
	GlobalSection(ProjectConfigurationPlatforms) = postSolution
		{136234FC-3DE1-4423-B939-B7968E58C168}.Debug|Any CPU.ActiveCfg = Debug|x86
		{136234FC-3DE1-4423-B939-B7968E58C168}.Debug|x86.ActiveCfg = Debug|x86
		{136234FC-3DE1-4423-B939-B7968E58C168}.Debug|x86.Build.0 = Debug|x86
		{136234FC-3DE1-4423-B939-B7968E58C168}.Release|Any CPU.ActiveCfg = Release|x86
		{136234FC-3DE1-4423-B939-B7968E58C168}.Release|x86.ActiveCfg = Release|x86
		{136234FC-3DE1-4423-B939-B7968E58C168}.Release|x86.Build.0 = Release|x86
		{0E1E9549-BB3D-476E-A1CE-918220AD5E87}.Debug|Any CPU.ActiveCfg = Debug|Any CPU
		{0E1E9549-BB3D-476E-A1CE-918220AD5E87}.Debug|Any CPU.Build.0 = Debug|Any CPU
		{0E1E9549-BB3D-476E-A1CE-918220AD5E87}.Debug|x86.ActiveCfg = Debug|Any CPU
		{0E1E9549-BB3D-476E-A1CE-918220AD5E87}.Debug|x86.Build.0 = Debug|Any CPU
		{0E1E9549-BB3D-476E-A1CE-918220AD5E87}.Release|Any CPU.ActiveCfg = Release|Any CPU
		{0E1E9549-BB3D-476E-A1CE-918220AD5E87}.Release|Any CPU.Build.0 = Release|Any CPU
		{0E1E9549-BB3D-476E-A1CE-918220AD5E87}.Release|x86.ActiveCfg = Release|Any CPU
		{0E1E9549-BB3D-476E-A1CE-918220AD5E87}.Release|x86.Build.0 = Release|Any CPU
	EndGlobalSection
	GlobalSection(SolutionProperties) = preSolution
		HideSolutionNode = FALSE
	EndGlobalSection
	GlobalSection(ExtensibilityGlobals) = postSolution
		SolutionGuid = {6E66BB3B-501D-41D9-9BC8-462431AC2FC7}
	EndGlobalSection
EndGlobal
